
Microsoft Visual Studio Solution File, Format Version 12.00
# Visual Studio Version 16
VisualStudioVersion = 16.0.29102.190
MinimumVisualStudioVersion = 10.0.40219.1
Project("{FAE04EC0-301F-11D3-BF4B-00C04F79EFBC}") = "lng2txt", "lng2txt\lng2txt.csproj", "{244D645A-172A-4CB5-9E64-9C4BA68EF08C}"
EndProject
Project("{FAE04EC0-301F-11D3-BF4B-00C04F79EFBC}") = "modelReader", "model_reader\modelReader.csproj", "{7E49CD09-1EB8-47D6-94C1-49ED3A03A00F}"
	ProjectSection(ProjectDependencies) = postProject
		{0326F8B5-F788-4529-9F87-C725A5D13BC0} = {0326F8B5-F788-4529-9F87-C725A5D13BC0}
	EndProjectSection
EndProject
Project("{FAE04EC0-301F-11D3-BF4B-00C04F79EFBC}") = "howl", "howl\howl.csproj", "{190AB2B3-771E-4295-8536-9D0A41469BAC}"
EndProject
Project("{FAE04EC0-301F-11D3-BF4B-00C04F79EFBC}") = "cseq", "cseq\cseq.csproj", "{69BCF237-3D55-4A30-B3C8-8716C8EBF212}"
EndProject
Project("{FAE04EC0-301F-11D3-BF4B-00C04F79EFBC}") = "levTool", "levTool\levTool.csproj", "{36BC2F61-99A4-43E3-9246-28A1BE39D714}"
	ProjectSection(ProjectDependencies) = postProject
		{0326F8B5-F788-4529-9F87-C725A5D13BC0} = {0326F8B5-F788-4529-9F87-C725A5D13BC0}
	EndProjectSection
EndProject
Project("{FAE04EC0-301F-11D3-BF4B-00C04F79EFBC}") = "CTRFramework", "CTRFramework\CTRFramework.csproj", "{0326F8B5-F788-4529-9F87-C725A5D13BC0}"
EndProject
Project("{FAE04EC0-301F-11D3-BF4B-00C04F79EFBC}") = "ctrviewer", "ctrviewer\ctrviewer.csproj", "{F156E084-F555-4647-A289-7619AB05BB09}"
	ProjectSection(ProjectDependencies) = postProject
		{0326F8B5-F788-4529-9F87-C725A5D13BC0} = {0326F8B5-F788-4529-9F87-C725A5D13BC0}
	EndProjectSection
EndProject
Project("{FAE04EC0-301F-11D3-BF4B-00C04F79EFBC}") = "bigtool", "bigtool\bigtool.csproj", "{43F67739-B59B-49CF-A22A-F487AB1157E4}"
EndProject
Project("{FAE04EC0-301F-11D3-BF4B-00C04F79EFBC}") = "mpktool", "mpktool\mpktool.csproj", "{FED2DC2A-3D77-4E9D-A0D2-24575EF62C30}"
EndProject
Project("{FAE04EC0-301F-11D3-BF4B-00C04F79EFBC}") = "bash_dat", "bash_dat\bash_dat.csproj", "{712E662C-419B-42F9-A5A3-0027D91FE88E}"
EndProject
Global
	GlobalSection(SolutionConfigurationPlatforms) = preSolution
		Debug|Any CPU = Debug|Any CPU
		Debug|x64 = Debug|x64
		Debug|x86 = Debug|x86
		Release|Any CPU = Release|Any CPU
		Release|x64 = Release|x64
		Release|x86 = Release|x86
	EndGlobalSection
	GlobalSection(ProjectConfigurationPlatforms) = postSolution
		{244D645A-172A-4CB5-9E64-9C4BA68EF08C}.Debug|Any CPU.ActiveCfg = Debug|Any CPU
		{244D645A-172A-4CB5-9E64-9C4BA68EF08C}.Debug|Any CPU.Build.0 = Debug|Any CPU
		{244D645A-172A-4CB5-9E64-9C4BA68EF08C}.Debug|x64.ActiveCfg = Debug|x64
		{244D645A-172A-4CB5-9E64-9C4BA68EF08C}.Debug|x64.Build.0 = Debug|x64
		{244D645A-172A-4CB5-9E64-9C4BA68EF08C}.Debug|x86.ActiveCfg = Debug|x86
		{244D645A-172A-4CB5-9E64-9C4BA68EF08C}.Debug|x86.Build.0 = Debug|x86
		{244D645A-172A-4CB5-9E64-9C4BA68EF08C}.Release|Any CPU.ActiveCfg = Release|Any CPU
		{244D645A-172A-4CB5-9E64-9C4BA68EF08C}.Release|Any CPU.Build.0 = Release|Any CPU
		{244D645A-172A-4CB5-9E64-9C4BA68EF08C}.Release|x64.ActiveCfg = Release|x64
		{244D645A-172A-4CB5-9E64-9C4BA68EF08C}.Release|x64.Build.0 = Release|x64
		{244D645A-172A-4CB5-9E64-9C4BA68EF08C}.Release|x86.ActiveCfg = Release|x86
		{244D645A-172A-4CB5-9E64-9C4BA68EF08C}.Release|x86.Build.0 = Release|x86
		{7E49CD09-1EB8-47D6-94C1-49ED3A03A00F}.Debug|Any CPU.ActiveCfg = Debug|Any CPU
		{7E49CD09-1EB8-47D6-94C1-49ED3A03A00F}.Debug|Any CPU.Build.0 = Debug|Any CPU
		{7E49CD09-1EB8-47D6-94C1-49ED3A03A00F}.Debug|x64.ActiveCfg = Debug|x64
		{7E49CD09-1EB8-47D6-94C1-49ED3A03A00F}.Debug|x64.Build.0 = Debug|x64
		{7E49CD09-1EB8-47D6-94C1-49ED3A03A00F}.Debug|x86.ActiveCfg = Debug|x86
		{7E49CD09-1EB8-47D6-94C1-49ED3A03A00F}.Debug|x86.Build.0 = Debug|x86
		{7E49CD09-1EB8-47D6-94C1-49ED3A03A00F}.Release|Any CPU.ActiveCfg = Release|Any CPU
		{7E49CD09-1EB8-47D6-94C1-49ED3A03A00F}.Release|Any CPU.Build.0 = Release|Any CPU
		{7E49CD09-1EB8-47D6-94C1-49ED3A03A00F}.Release|x64.ActiveCfg = Release|x64
		{7E49CD09-1EB8-47D6-94C1-49ED3A03A00F}.Release|x64.Build.0 = Release|x64
		{7E49CD09-1EB8-47D6-94C1-49ED3A03A00F}.Release|x86.ActiveCfg = Release|x86
		{7E49CD09-1EB8-47D6-94C1-49ED3A03A00F}.Release|x86.Build.0 = Release|x86
		{190AB2B3-771E-4295-8536-9D0A41469BAC}.Debug|Any CPU.ActiveCfg = Debug|Any CPU
		{190AB2B3-771E-4295-8536-9D0A41469BAC}.Debug|Any CPU.Build.0 = Debug|Any CPU
		{190AB2B3-771E-4295-8536-9D0A41469BAC}.Debug|x64.ActiveCfg = Debug|x64
		{190AB2B3-771E-4295-8536-9D0A41469BAC}.Debug|x64.Build.0 = Debug|x64
		{190AB2B3-771E-4295-8536-9D0A41469BAC}.Debug|x86.ActiveCfg = Debug|x86
		{190AB2B3-771E-4295-8536-9D0A41469BAC}.Debug|x86.Build.0 = Debug|x86
		{190AB2B3-771E-4295-8536-9D0A41469BAC}.Release|Any CPU.ActiveCfg = Release|Any CPU
		{190AB2B3-771E-4295-8536-9D0A41469BAC}.Release|Any CPU.Build.0 = Release|Any CPU
		{190AB2B3-771E-4295-8536-9D0A41469BAC}.Release|x64.ActiveCfg = Release|x64
		{190AB2B3-771E-4295-8536-9D0A41469BAC}.Release|x64.Build.0 = Release|x64
		{190AB2B3-771E-4295-8536-9D0A41469BAC}.Release|x86.ActiveCfg = Release|x86
		{190AB2B3-771E-4295-8536-9D0A41469BAC}.Release|x86.Build.0 = Release|x86
		{69BCF237-3D55-4A30-B3C8-8716C8EBF212}.Debug|Any CPU.ActiveCfg = Debug|Any CPU
		{69BCF237-3D55-4A30-B3C8-8716C8EBF212}.Debug|Any CPU.Build.0 = Debug|Any CPU
		{69BCF237-3D55-4A30-B3C8-8716C8EBF212}.Debug|x64.ActiveCfg = Debug|x64
		{69BCF237-3D55-4A30-B3C8-8716C8EBF212}.Debug|x64.Build.0 = Debug|x64
		{69BCF237-3D55-4A30-B3C8-8716C8EBF212}.Debug|x86.ActiveCfg = Debug|x86
		{69BCF237-3D55-4A30-B3C8-8716C8EBF212}.Debug|x86.Build.0 = Debug|x86
		{69BCF237-3D55-4A30-B3C8-8716C8EBF212}.Release|Any CPU.ActiveCfg = Release|Any CPU
		{69BCF237-3D55-4A30-B3C8-8716C8EBF212}.Release|Any CPU.Build.0 = Release|Any CPU
		{69BCF237-3D55-4A30-B3C8-8716C8EBF212}.Release|x64.ActiveCfg = Release|x64
		{69BCF237-3D55-4A30-B3C8-8716C8EBF212}.Release|x64.Build.0 = Release|x64
		{69BCF237-3D55-4A30-B3C8-8716C8EBF212}.Release|x86.ActiveCfg = Release|x86
		{69BCF237-3D55-4A30-B3C8-8716C8EBF212}.Release|x86.Build.0 = Release|x86
		{36BC2F61-99A4-43E3-9246-28A1BE39D714}.Debug|Any CPU.ActiveCfg = Debug|Any CPU
		{36BC2F61-99A4-43E3-9246-28A1BE39D714}.Debug|Any CPU.Build.0 = Debug|Any CPU
		{36BC2F61-99A4-43E3-9246-28A1BE39D714}.Debug|x64.ActiveCfg = Debug|x64
		{36BC2F61-99A4-43E3-9246-28A1BE39D714}.Debug|x64.Build.0 = Debug|x64
		{36BC2F61-99A4-43E3-9246-28A1BE39D714}.Debug|x86.ActiveCfg = Debug|x86
		{36BC2F61-99A4-43E3-9246-28A1BE39D714}.Debug|x86.Build.0 = Debug|x86
		{36BC2F61-99A4-43E3-9246-28A1BE39D714}.Release|Any CPU.ActiveCfg = Release|Any CPU
		{36BC2F61-99A4-43E3-9246-28A1BE39D714}.Release|Any CPU.Build.0 = Release|Any CPU
		{36BC2F61-99A4-43E3-9246-28A1BE39D714}.Release|x64.ActiveCfg = Release|x64
		{36BC2F61-99A4-43E3-9246-28A1BE39D714}.Release|x64.Build.0 = Release|x64
		{36BC2F61-99A4-43E3-9246-28A1BE39D714}.Release|x86.ActiveCfg = Release|x86
		{36BC2F61-99A4-43E3-9246-28A1BE39D714}.Release|x86.Build.0 = Release|x86
		{0326F8B5-F788-4529-9F87-C725A5D13BC0}.Debug|Any CPU.ActiveCfg = Debug|Any CPU
		{0326F8B5-F788-4529-9F87-C725A5D13BC0}.Debug|Any CPU.Build.0 = Debug|Any CPU
		{0326F8B5-F788-4529-9F87-C725A5D13BC0}.Debug|x64.ActiveCfg = Debug|x64
		{0326F8B5-F788-4529-9F87-C725A5D13BC0}.Debug|x64.Build.0 = Debug|x64
		{0326F8B5-F788-4529-9F87-C725A5D13BC0}.Debug|x86.ActiveCfg = Debug|x86
		{0326F8B5-F788-4529-9F87-C725A5D13BC0}.Debug|x86.Build.0 = Debug|x86
		{0326F8B5-F788-4529-9F87-C725A5D13BC0}.Release|Any CPU.ActiveCfg = Release|Any CPU
		{0326F8B5-F788-4529-9F87-C725A5D13BC0}.Release|Any CPU.Build.0 = Release|Any CPU
		{0326F8B5-F788-4529-9F87-C725A5D13BC0}.Release|x64.ActiveCfg = Release|x64
		{0326F8B5-F788-4529-9F87-C725A5D13BC0}.Release|x64.Build.0 = Release|x64
		{0326F8B5-F788-4529-9F87-C725A5D13BC0}.Release|x86.ActiveCfg = Release|x86
		{0326F8B5-F788-4529-9F87-C725A5D13BC0}.Release|x86.Build.0 = Release|x86
		{F156E084-F555-4647-A289-7619AB05BB09}.Debug|Any CPU.ActiveCfg = Debug|x86
		{F156E084-F555-4647-A289-7619AB05BB09}.Debug|x64.ActiveCfg = Debug|x64
		{F156E084-F555-4647-A289-7619AB05BB09}.Debug|x64.Build.0 = Debug|x64
		{F156E084-F555-4647-A289-7619AB05BB09}.Debug|x86.ActiveCfg = Debug|x86
		{F156E084-F555-4647-A289-7619AB05BB09}.Debug|x86.Build.0 = Debug|x86
		{F156E084-F555-4647-A289-7619AB05BB09}.Release|Any CPU.ActiveCfg = Release|x86
		{F156E084-F555-4647-A289-7619AB05BB09}.Release|x64.ActiveCfg = Release|x64
		{F156E084-F555-4647-A289-7619AB05BB09}.Release|x64.Build.0 = Release|x64
		{F156E084-F555-4647-A289-7619AB05BB09}.Release|x86.ActiveCfg = Release|x86
		{F156E084-F555-4647-A289-7619AB05BB09}.Release|x86.Build.0 = Release|x86
		{43F67739-B59B-49CF-A22A-F487AB1157E4}.Debug|Any CPU.ActiveCfg = Debug|Any CPU
		{43F67739-B59B-49CF-A22A-F487AB1157E4}.Debug|Any CPU.Build.0 = Debug|Any CPU
		{43F67739-B59B-49CF-A22A-F487AB1157E4}.Debug|x64.ActiveCfg = Debug|x64
		{43F67739-B59B-49CF-A22A-F487AB1157E4}.Debug|x64.Build.0 = Debug|x64
		{43F67739-B59B-49CF-A22A-F487AB1157E4}.Debug|x86.ActiveCfg = Debug|x86
		{43F67739-B59B-49CF-A22A-F487AB1157E4}.Debug|x86.Build.0 = Debug|x86
		{43F67739-B59B-49CF-A22A-F487AB1157E4}.Release|Any CPU.ActiveCfg = Release|Any CPU
		{43F67739-B59B-49CF-A22A-F487AB1157E4}.Release|Any CPU.Build.0 = Release|Any CPU
		{43F67739-B59B-49CF-A22A-F487AB1157E4}.Release|x64.ActiveCfg = Release|x64
		{43F67739-B59B-49CF-A22A-F487AB1157E4}.Release|x64.Build.0 = Release|x64
		{43F67739-B59B-49CF-A22A-F487AB1157E4}.Release|x86.ActiveCfg = Release|x86
		{43F67739-B59B-49CF-A22A-F487AB1157E4}.Release|x86.Build.0 = Release|x86
		{FED2DC2A-3D77-4E9D-A0D2-24575EF62C30}.Debug|Any CPU.ActiveCfg = Debug|Any CPU
		{FED2DC2A-3D77-4E9D-A0D2-24575EF62C30}.Debug|Any CPU.Build.0 = Debug|Any CPU
		{FED2DC2A-3D77-4E9D-A0D2-24575EF62C30}.Debug|x64.ActiveCfg = Debug|x64
		{FED2DC2A-3D77-4E9D-A0D2-24575EF62C30}.Debug|x64.Build.0 = Debug|x64
		{FED2DC2A-3D77-4E9D-A0D2-24575EF62C30}.Debug|x86.ActiveCfg = Debug|x86
		{FED2DC2A-3D77-4E9D-A0D2-24575EF62C30}.Debug|x86.Build.0 = Debug|x86
		{FED2DC2A-3D77-4E9D-A0D2-24575EF62C30}.Release|Any CPU.ActiveCfg = Release|Any CPU
		{FED2DC2A-3D77-4E9D-A0D2-24575EF62C30}.Release|Any CPU.Build.0 = Release|Any CPU
		{FED2DC2A-3D77-4E9D-A0D2-24575EF62C30}.Release|x64.ActiveCfg = Release|x64
		{FED2DC2A-3D77-4E9D-A0D2-24575EF62C30}.Release|x64.Build.0 = Release|x64
		{FED2DC2A-3D77-4E9D-A0D2-24575EF62C30}.Release|x86.ActiveCfg = Release|x86
		{FED2DC2A-3D77-4E9D-A0D2-24575EF62C30}.Release|x86.Build.0 = Release|x86
		{712E662C-419B-42F9-A5A3-0027D91FE88E}.Debug|Any CPU.ActiveCfg = Debug|Any CPU
		{712E662C-419B-42F9-A5A3-0027D91FE88E}.Debug|Any CPU.Build.0 = Debug|Any CPU
		{712E662C-419B-42F9-A5A3-0027D91FE88E}.Debug|x64.ActiveCfg = Debug|x64
		{712E662C-419B-42F9-A5A3-0027D91FE88E}.Debug|x64.Build.0 = Debug|x64
		{712E662C-419B-42F9-A5A3-0027D91FE88E}.Debug|x86.ActiveCfg = Debug|Any CPU
		{712E662C-419B-42F9-A5A3-0027D91FE88E}.Debug|x86.Build.0 = Debug|Any CPU
		{712E662C-419B-42F9-A5A3-0027D91FE88E}.Release|Any CPU.ActiveCfg = Release|Any CPU
		{712E662C-419B-42F9-A5A3-0027D91FE88E}.Release|Any CPU.Build.0 = Release|Any CPU
		{712E662C-419B-42F9-A5A3-0027D91FE88E}.Release|x64.ActiveCfg = Release|x64
		{712E662C-419B-42F9-A5A3-0027D91FE88E}.Release|x64.Build.0 = Release|x64
		{712E662C-419B-42F9-A5A3-0027D91FE88E}.Release|x86.ActiveCfg = Release|Any CPU
		{712E662C-419B-42F9-A5A3-0027D91FE88E}.Release|x86.Build.0 = Release|Any CPU
	EndGlobalSection
	GlobalSection(SolutionProperties) = preSolution
		HideSolutionNode = FALSE
	EndGlobalSection
	GlobalSection(ExtensibilityGlobals) = postSolution
		SolutionGuid = {E9B47DD5-5D7F-44E8-8DDD-E8D9058D81D2}
	EndGlobalSection
EndGlobal
