
Microsoft Visual Studio Solution File, Format Version 12.00
# Visual Studio Version 16
VisualStudioVersion = 16.0.29102.190
MinimumVisualStudioVersion = 10.0.40219.1
Project("{FAE04EC0-301F-11D3-BF4B-00C04F79EFBC}") = "lng2txt", "lng2txt\lng2txt.csproj", "{244D645A-172A-4CB5-9E64-9C4BA68EF08C}"
EndProject
Project("{FAE04EC0-301F-11D3-BF4B-00C04F79EFBC}") = "model_reader", "model_reader\model_reader.csproj", "{7E49CD09-1EB8-47D6-94C1-49ED3A03A00F}"
	ProjectSection(ProjectDependencies) = postProject
		{0326F8B5-F788-4529-9F87-C725A5D13BC0} = {0326F8B5-F788-4529-9F87-C725A5D13BC0}
	EndProjectSection
EndProject
Project("{FAE04EC0-301F-11D3-BF4B-00C04F79EFBC}") = "howl", "howl\howl.csproj", "{190AB2B3-771E-4295-8536-9D0A41469BAC}"
EndProject
Project("{FAE04EC0-301F-11D3-BF4B-00C04F79EFBC}") = "cseq", "cseq\cseq.csproj", "{69BCF237-3D55-4A30-B3C8-8716C8EBF212}"
EndProject
Project("{FAE04EC0-301F-11D3-BF4B-00C04F79EFBC}") = "CTR-tools-gui", "ctr-tools-gui\CTR-tools-gui.csproj", "{36BC2F61-99A4-43E3-9246-28A1BE39D714}"
	ProjectSection(ProjectDependencies) = postProject
		{0326F8B5-F788-4529-9F87-C725A5D13BC0} = {0326F8B5-F788-4529-9F87-C725A5D13BC0}
	EndProjectSection
EndProject
Project("{FAE04EC0-301F-11D3-BF4B-00C04F79EFBC}") = "CTRFramework", "CTRFramework\CTRFramework.csproj", "{0326F8B5-F788-4529-9F87-C725A5D13BC0}"
EndProject
Project("{FAE04EC0-301F-11D3-BF4B-00C04F79EFBC}") = "bigtool", "bigtool\bigtool.csproj", "{43F67739-B59B-49CF-A22A-F487AB1157E4}"
EndProject
Project("{FAE04EC0-301F-11D3-BF4B-00C04F79EFBC}") = "bash_dat", "bash_dat\bash_dat.csproj", "{712E662C-419B-42F9-A5A3-0027D91FE88E}"
EndProject
Project("{9A19103F-16F7-4668-BE54-9A1E7A4F7556}") = "ctrviewer", "ctrviewer\ctrviewer.csproj", "{8D2ED85F-1A29-402B-A2B1-DA038F719CF1}"
EndProject
Project("{2150E333-8FDC-42A3-9474-1A3956D46DE8}") = "cmd_tools", "cmd_tools", "{1ABEE12F-A18C-4F32-A69C-E5EC20467116}"
EndProject
Global
	GlobalSection(SolutionConfigurationPlatforms) = preSolution
		Debug|x64 = Debug|x64
		Debug|x86 = Debug|x86
		Release|x64 = Release|x64
		Release|x86 = Release|x86
	EndGlobalSection
	GlobalSection(ProjectConfigurationPlatforms) = postSolution
		{244D645A-172A-4CB5-9E64-9C4BA68EF08C}.Debug|x64.ActiveCfg = Debug|x64
		{244D645A-172A-4CB5-9E64-9C4BA68EF08C}.Debug|x64.Build.0 = Debug|x64
		{244D645A-172A-4CB5-9E64-9C4BA68EF08C}.Debug|x86.ActiveCfg = Debug|x86
		{244D645A-172A-4CB5-9E64-9C4BA68EF08C}.Debug|x86.Build.0 = Debug|x86
		{244D645A-172A-4CB5-9E64-9C4BA68EF08C}.Release|x64.ActiveCfg = Release|x64
		{244D645A-172A-4CB5-9E64-9C4BA68EF08C}.Release|x64.Build.0 = Release|x64
		{244D645A-172A-4CB5-9E64-9C4BA68EF08C}.Release|x86.ActiveCfg = Release|x86
		{244D645A-172A-4CB5-9E64-9C4BA68EF08C}.Release|x86.Build.0 = Release|x86
		{7E49CD09-1EB8-47D6-94C1-49ED3A03A00F}.Debug|x64.ActiveCfg = Debug|x64
		{7E49CD09-1EB8-47D6-94C1-49ED3A03A00F}.Debug|x64.Build.0 = Debug|x64
		{7E49CD09-1EB8-47D6-94C1-49ED3A03A00F}.Debug|x86.ActiveCfg = Debug|x86
		{7E49CD09-1EB8-47D6-94C1-49ED3A03A00F}.Debug|x86.Build.0 = Debug|x86
		{7E49CD09-1EB8-47D6-94C1-49ED3A03A00F}.Release|x64.ActiveCfg = Release|x64
		{7E49CD09-1EB8-47D6-94C1-49ED3A03A00F}.Release|x64.Build.0 = Release|x64
		{7E49CD09-1EB8-47D6-94C1-49ED3A03A00F}.Release|x86.ActiveCfg = Release|x86
		{7E49CD09-1EB8-47D6-94C1-49ED3A03A00F}.Release|x86.Build.0 = Release|x86
		{190AB2B3-771E-4295-8536-9D0A41469BAC}.Debug|x64.ActiveCfg = Debug|x64
		{190AB2B3-771E-4295-8536-9D0A41469BAC}.Debug|x64.Build.0 = Debug|x64
		{190AB2B3-771E-4295-8536-9D0A41469BAC}.Debug|x86.ActiveCfg = Debug|x86
		{190AB2B3-771E-4295-8536-9D0A41469BAC}.Debug|x86.Build.0 = Debug|x86
		{190AB2B3-771E-4295-8536-9D0A41469BAC}.Release|x64.ActiveCfg = Release|x64
		{190AB2B3-771E-4295-8536-9D0A41469BAC}.Release|x64.Build.0 = Release|x64
		{190AB2B3-771E-4295-8536-9D0A41469BAC}.Release|x86.ActiveCfg = Release|x86
		{190AB2B3-771E-4295-8536-9D0A41469BAC}.Release|x86.Build.0 = Release|x86
		{69BCF237-3D55-4A30-B3C8-8716C8EBF212}.Debug|x64.ActiveCfg = Debug|x64
		{69BCF237-3D55-4A30-B3C8-8716C8EBF212}.Debug|x64.Build.0 = Debug|x64
		{69BCF237-3D55-4A30-B3C8-8716C8EBF212}.Debug|x86.ActiveCfg = Debug|x86
		{69BCF237-3D55-4A30-B3C8-8716C8EBF212}.Debug|x86.Build.0 = Debug|x86
		{69BCF237-3D55-4A30-B3C8-8716C8EBF212}.Release|x64.ActiveCfg = Release|x64
		{69BCF237-3D55-4A30-B3C8-8716C8EBF212}.Release|x64.Build.0 = Release|x64
		{69BCF237-3D55-4A30-B3C8-8716C8EBF212}.Release|x86.ActiveCfg = Release|x86
		{69BCF237-3D55-4A30-B3C8-8716C8EBF212}.Release|x86.Build.0 = Release|x86
		{36BC2F61-99A4-43E3-9246-28A1BE39D714}.Debug|x64.ActiveCfg = Debug|x64
		{36BC2F61-99A4-43E3-9246-28A1BE39D714}.Debug|x64.Build.0 = Debug|x64
		{36BC2F61-99A4-43E3-9246-28A1BE39D714}.Debug|x86.ActiveCfg = Debug|x86
		{36BC2F61-99A4-43E3-9246-28A1BE39D714}.Debug|x86.Build.0 = Debug|x86
		{36BC2F61-99A4-43E3-9246-28A1BE39D714}.Release|x64.ActiveCfg = Release|x64
		{36BC2F61-99A4-43E3-9246-28A1BE39D714}.Release|x64.Build.0 = Release|x64
		{36BC2F61-99A4-43E3-9246-28A1BE39D714}.Release|x86.ActiveCfg = Release|x86
		{36BC2F61-99A4-43E3-9246-28A1BE39D714}.Release|x86.Build.0 = Release|x86
		{0326F8B5-F788-4529-9F87-C725A5D13BC0}.Debug|x64.ActiveCfg = Debug|x64
		{0326F8B5-F788-4529-9F87-C725A5D13BC0}.Debug|x64.Build.0 = Debug|x64
		{0326F8B5-F788-4529-9F87-C725A5D13BC0}.Debug|x86.ActiveCfg = Debug|x86
		{0326F8B5-F788-4529-9F87-C725A5D13BC0}.Debug|x86.Build.0 = Debug|x86
		{0326F8B5-F788-4529-9F87-C725A5D13BC0}.Release|x64.ActiveCfg = Release|x64
		{0326F8B5-F788-4529-9F87-C725A5D13BC0}.Release|x64.Build.0 = Release|x64
		{0326F8B5-F788-4529-9F87-C725A5D13BC0}.Release|x86.ActiveCfg = Release|x86
		{0326F8B5-F788-4529-9F87-C725A5D13BC0}.Release|x86.Build.0 = Release|x86
		{43F67739-B59B-49CF-A22A-F487AB1157E4}.Debug|x64.ActiveCfg = Debug|x64
		{43F67739-B59B-49CF-A22A-F487AB1157E4}.Debug|x64.Build.0 = Debug|x64
		{43F67739-B59B-49CF-A22A-F487AB1157E4}.Debug|x86.ActiveCfg = Debug|x86
		{43F67739-B59B-49CF-A22A-F487AB1157E4}.Debug|x86.Build.0 = Debug|x86
		{43F67739-B59B-49CF-A22A-F487AB1157E4}.Release|x64.ActiveCfg = Release|x64
		{43F67739-B59B-49CF-A22A-F487AB1157E4}.Release|x64.Build.0 = Release|x64
		{43F67739-B59B-49CF-A22A-F487AB1157E4}.Release|x86.ActiveCfg = Release|x86
		{43F67739-B59B-49CF-A22A-F487AB1157E4}.Release|x86.Build.0 = Release|x86
		{712E662C-419B-42F9-A5A3-0027D91FE88E}.Debug|x64.ActiveCfg = Debug|x64
		{712E662C-419B-42F9-A5A3-0027D91FE88E}.Debug|x64.Build.0 = Debug|x64
		{712E662C-419B-42F9-A5A3-0027D91FE88E}.Debug|x86.ActiveCfg = Debug|x86
		{712E662C-419B-42F9-A5A3-0027D91FE88E}.Debug|x86.Build.0 = Debug|x86
		{712E662C-419B-42F9-A5A3-0027D91FE88E}.Release|x64.ActiveCfg = Release|x64
		{712E662C-419B-42F9-A5A3-0027D91FE88E}.Release|x64.Build.0 = Release|x64
		{712E662C-419B-42F9-A5A3-0027D91FE88E}.Release|x86.ActiveCfg = Release|x86
		{712E662C-419B-42F9-A5A3-0027D91FE88E}.Release|x86.Build.0 = Release|x86
		{8D2ED85F-1A29-402B-A2B1-DA038F719CF1}.Debug|x64.ActiveCfg = Debug|x64
		{8D2ED85F-1A29-402B-A2B1-DA038F719CF1}.Debug|x64.Build.0 = Debug|x64
		{8D2ED85F-1A29-402B-A2B1-DA038F719CF1}.Debug|x86.ActiveCfg = Debug|x86
		{8D2ED85F-1A29-402B-A2B1-DA038F719CF1}.Debug|x86.Build.0 = Debug|x86
		{8D2ED85F-1A29-402B-A2B1-DA038F719CF1}.Release|x64.ActiveCfg = Release|x64
		{8D2ED85F-1A29-402B-A2B1-DA038F719CF1}.Release|x64.Build.0 = Release|x64
		{8D2ED85F-1A29-402B-A2B1-DA038F719CF1}.Release|x86.ActiveCfg = Release|x86
		{8D2ED85F-1A29-402B-A2B1-DA038F719CF1}.Release|x86.Build.0 = Release|x86
	EndGlobalSection
	GlobalSection(SolutionProperties) = preSolution
		HideSolutionNode = FALSE
	EndGlobalSection
	GlobalSection(NestedProjects) = preSolution
		{244D645A-172A-4CB5-9E64-9C4BA68EF08C} = {1ABEE12F-A18C-4F32-A69C-E5EC20467116}
		{7E49CD09-1EB8-47D6-94C1-49ED3A03A00F} = {1ABEE12F-A18C-4F32-A69C-E5EC20467116}
		{190AB2B3-771E-4295-8536-9D0A41469BAC} = {1ABEE12F-A18C-4F32-A69C-E5EC20467116}
		{43F67739-B59B-49CF-A22A-F487AB1157E4} = {1ABEE12F-A18C-4F32-A69C-E5EC20467116}
		{712E662C-419B-42F9-A5A3-0027D91FE88E} = {1ABEE12F-A18C-4F32-A69C-E5EC20467116}
	EndGlobalSection
	GlobalSection(ExtensibilityGlobals) = postSolution
		SolutionGuid = {E9B47DD5-5D7F-44E8-8DDD-E8D9058D81D2}
	EndGlobalSection
EndGlobal
