
Microsoft Visual Studio Solution File, Format Version 12.00
# Visual Studio Version 17
VisualStudioVersion = 17.2.32630.192
MinimumVisualStudioVersion = 10.0.40219.1
Project("{9A19103F-16F7-4668-BE54-9A1E7A4F7556}") = "lng2txt", "cmd_tools\lng2txt\lng2txt.csproj", "{244D645A-172A-4CB5-9E64-9C4BA68EF08C}"
	ProjectSection(ProjectDependencies) = postProject
		{0326F8B5-F788-4529-9F87-C725A5D13BC0} = {0326F8B5-F788-4529-9F87-C725A5D13BC0}
	EndProjectSection
EndProject
Project("{FAE04EC0-301F-11D3-BF4B-00C04F79EFBC}") = "CTR-tools-gui", "ctr-tools-gui\CTR-tools-gui.csproj", "{36BC2F61-99A4-43E3-9246-28A1BE39D714}"
	ProjectSection(ProjectDependencies) = postProject
		{0326F8B5-F788-4529-9F87-C725A5D13BC0} = {0326F8B5-F788-4529-9F87-C725A5D13BC0}
	EndProjectSection
EndProject
Project("{FAE04EC0-301F-11D3-BF4B-00C04F79EFBC}") = "CTRFramework", "CTRFramework\CTRFramework.csproj", "{0326F8B5-F788-4529-9F87-C725A5D13BC0}"
EndProject
Project("{9A19103F-16F7-4668-BE54-9A1E7A4F7556}") = "bash_dat", "cmd_tools\bash_dat\bash_dat.csproj", "{712E662C-419B-42F9-A5A3-0027D91FE88E}"
	ProjectSection(ProjectDependencies) = postProject
		{0326F8B5-F788-4529-9F87-C725A5D13BC0} = {0326F8B5-F788-4529-9F87-C725A5D13BC0}
	EndProjectSection
EndProject
Project("{2150E333-8FDC-42A3-9474-1A3956D46DE8}") = "cmd_tools", "cmd_tools", "{1ABEE12F-A18C-4F32-A69C-E5EC20467116}"
EndProject
Project("{FAE04EC0-301F-11D3-BF4B-00C04F79EFBC}") = "CTRFramework_Tests", "CTRFramework_Tests\CTRFramework_Tests.csproj", "{2F78E6DD-9F0D-48DE-9B6A-115F59FBB5CE}"
EndProject
Project("{FAE04EC0-301F-11D3-BF4B-00C04F79EFBC}") = "vram_map", "cmd_tools\vram_map\vram_map.csproj", "{2DEAF563-A41D-4034-B738-51855FBD47AE}"
EndProject
Project("{FAE04EC0-301F-11D3-BF4B-00C04F79EFBC}") = "merge4bits", "cmd_tools\merge4bits\merge4bits.csproj", "{3DD79DFD-0F39-428C-84B3-3551937FE1F2}"
EndProject
Project("{9A19103F-16F7-4668-BE54-9A1E7A4F7556}") = "ctrviewer", "ctrviewer\ctrviewer.csproj", "{4977E0CC-1608-417F-9CF3-68470A51C528}"
EndProject
Project("{9A19103F-16F7-4668-BE54-9A1E7A4F7556}") = "bigtool", "cmd_tools\bigtool\bigtool.csproj", "{38C9A5A1-FC5A-4070-9F15-6F6340555B2F}"
EndProject
Project("{9A19103F-16F7-4668-BE54-9A1E7A4F7556}") = "howl", "cmd_tools\howl\howl.csproj", "{2AE0ECC5-4F60-4A9F-BAF2-C2B59B21E063}"
EndProject
Project("{FAE04EC0-301F-11D3-BF4B-00C04F79EFBC}") = "model_reader", "cmd_tools\model_reader\model_reader.csproj", "{D4EC4C33-0BE8-4E60-9A13-8E50137DE659}"
EndProject
Global
	GlobalSection(SolutionConfigurationPlatforms) = preSolution
		Debug|x64 = Debug|x64
		Debug|x86 = Debug|x86
		Release|x64 = Release|x64
		Release|x86 = Release|x86
	EndGlobalSection
	GlobalSection(ProjectConfigurationPlatforms) = postSolution
		{244D645A-172A-4CB5-9E64-9C4BA68EF08C}.Debug|x64.ActiveCfg = Debug|x64
		{244D645A-172A-4CB5-9E64-9C4BA68EF08C}.Debug|x64.Build.0 = Debug|x64
		{244D645A-172A-4CB5-9E64-9C4BA68EF08C}.Debug|x86.ActiveCfg = Debug|x86
		{244D645A-172A-4CB5-9E64-9C4BA68EF08C}.Debug|x86.Build.0 = Debug|x86
		{244D645A-172A-4CB5-9E64-9C4BA68EF08C}.Release|x64.ActiveCfg = Release|x64
		{244D645A-172A-4CB5-9E64-9C4BA68EF08C}.Release|x64.Build.0 = Release|x64
		{244D645A-172A-4CB5-9E64-9C4BA68EF08C}.Release|x86.ActiveCfg = Release|x86
		{244D645A-172A-4CB5-9E64-9C4BA68EF08C}.Release|x86.Build.0 = Release|x86
		{36BC2F61-99A4-43E3-9246-28A1BE39D714}.Debug|x64.ActiveCfg = Debug|x64
		{36BC2F61-99A4-43E3-9246-28A1BE39D714}.Debug|x64.Build.0 = Debug|x64
		{36BC2F61-99A4-43E3-9246-28A1BE39D714}.Debug|x86.ActiveCfg = Debug|x86
		{36BC2F61-99A4-43E3-9246-28A1BE39D714}.Debug|x86.Build.0 = Debug|x86
		{36BC2F61-99A4-43E3-9246-28A1BE39D714}.Release|x64.ActiveCfg = Release|x64
		{36BC2F61-99A4-43E3-9246-28A1BE39D714}.Release|x64.Build.0 = Release|x64
		{36BC2F61-99A4-43E3-9246-28A1BE39D714}.Release|x86.ActiveCfg = Release|x86
		{36BC2F61-99A4-43E3-9246-28A1BE39D714}.Release|x86.Build.0 = Release|x86
		{0326F8B5-F788-4529-9F87-C725A5D13BC0}.Debug|x64.ActiveCfg = Debug|x64
		{0326F8B5-F788-4529-9F87-C725A5D13BC0}.Debug|x64.Build.0 = Debug|x64
		{0326F8B5-F788-4529-9F87-C725A5D13BC0}.Debug|x86.ActiveCfg = Debug|x86
		{0326F8B5-F788-4529-9F87-C725A5D13BC0}.Debug|x86.Build.0 = Debug|x86
		{0326F8B5-F788-4529-9F87-C725A5D13BC0}.Release|x64.ActiveCfg = Release|x64
		{0326F8B5-F788-4529-9F87-C725A5D13BC0}.Release|x64.Build.0 = Release|x64
		{0326F8B5-F788-4529-9F87-C725A5D13BC0}.Release|x86.ActiveCfg = Release|x86
		{0326F8B5-F788-4529-9F87-C725A5D13BC0}.Release|x86.Build.0 = Release|x86
		{712E662C-419B-42F9-A5A3-0027D91FE88E}.Debug|x64.ActiveCfg = Debug|x64
		{712E662C-419B-42F9-A5A3-0027D91FE88E}.Debug|x64.Build.0 = Debug|x64
		{712E662C-419B-42F9-A5A3-0027D91FE88E}.Debug|x86.ActiveCfg = Debug|x86
		{712E662C-419B-42F9-A5A3-0027D91FE88E}.Debug|x86.Build.0 = Debug|x86
		{712E662C-419B-42F9-A5A3-0027D91FE88E}.Release|x64.ActiveCfg = Release|x64
		{712E662C-419B-42F9-A5A3-0027D91FE88E}.Release|x64.Build.0 = Release|x64
		{712E662C-419B-42F9-A5A3-0027D91FE88E}.Release|x86.ActiveCfg = Release|x86
		{712E662C-419B-42F9-A5A3-0027D91FE88E}.Release|x86.Build.0 = Release|x86
		{2F78E6DD-9F0D-48DE-9B6A-115F59FBB5CE}.Debug|x64.ActiveCfg = Debug|x64
		{2F78E6DD-9F0D-48DE-9B6A-115F59FBB5CE}.Debug|x64.Build.0 = Debug|x64
		{2F78E6DD-9F0D-48DE-9B6A-115F59FBB5CE}.Debug|x86.ActiveCfg = Debug|x86
		{2F78E6DD-9F0D-48DE-9B6A-115F59FBB5CE}.Debug|x86.Build.0 = Debug|x86
		{2F78E6DD-9F0D-48DE-9B6A-115F59FBB5CE}.Release|x64.ActiveCfg = Release|x64
		{2F78E6DD-9F0D-48DE-9B6A-115F59FBB5CE}.Release|x64.Build.0 = Release|x64
		{2F78E6DD-9F0D-48DE-9B6A-115F59FBB5CE}.Release|x86.ActiveCfg = Release|x86
		{2F78E6DD-9F0D-48DE-9B6A-115F59FBB5CE}.Release|x86.Build.0 = Release|x86
		{2DEAF563-A41D-4034-B738-51855FBD47AE}.Debug|x64.ActiveCfg = Debug|x64
		{2DEAF563-A41D-4034-B738-51855FBD47AE}.Debug|x64.Build.0 = Debug|x64
		{2DEAF563-A41D-4034-B738-51855FBD47AE}.Debug|x86.ActiveCfg = Debug|x86
		{2DEAF563-A41D-4034-B738-51855FBD47AE}.Debug|x86.Build.0 = Debug|x86
		{2DEAF563-A41D-4034-B738-51855FBD47AE}.Release|x64.ActiveCfg = Release|x64
		{2DEAF563-A41D-4034-B738-51855FBD47AE}.Release|x64.Build.0 = Release|x64
		{2DEAF563-A41D-4034-B738-51855FBD47AE}.Release|x86.ActiveCfg = Release|x86
		{2DEAF563-A41D-4034-B738-51855FBD47AE}.Release|x86.Build.0 = Release|x86
		{3DD79DFD-0F39-428C-84B3-3551937FE1F2}.Debug|x64.ActiveCfg = Debug|x64
		{3DD79DFD-0F39-428C-84B3-3551937FE1F2}.Debug|x64.Build.0 = Debug|x64
		{3DD79DFD-0F39-428C-84B3-3551937FE1F2}.Debug|x86.ActiveCfg = Debug|x86
		{3DD79DFD-0F39-428C-84B3-3551937FE1F2}.Debug|x86.Build.0 = Debug|x86
		{3DD79DFD-0F39-428C-84B3-3551937FE1F2}.Release|x64.ActiveCfg = Release|x64
		{3DD79DFD-0F39-428C-84B3-3551937FE1F2}.Release|x64.Build.0 = Release|x64
		{3DD79DFD-0F39-428C-84B3-3551937FE1F2}.Release|x86.ActiveCfg = Release|x86
		{3DD79DFD-0F39-428C-84B3-3551937FE1F2}.Release|x86.Build.0 = Release|x86
		{4977E0CC-1608-417F-9CF3-68470A51C528}.Debug|x64.ActiveCfg = Debug|x64
		{4977E0CC-1608-417F-9CF3-68470A51C528}.Debug|x64.Build.0 = Debug|x64
		{4977E0CC-1608-417F-9CF3-68470A51C528}.Debug|x86.ActiveCfg = Debug|x86
		{4977E0CC-1608-417F-9CF3-68470A51C528}.Debug|x86.Build.0 = Debug|x86
		{4977E0CC-1608-417F-9CF3-68470A51C528}.Release|x64.ActiveCfg = Release|x64
		{4977E0CC-1608-417F-9CF3-68470A51C528}.Release|x64.Build.0 = Release|x64
		{4977E0CC-1608-417F-9CF3-68470A51C528}.Release|x86.ActiveCfg = Release|x86
		{4977E0CC-1608-417F-9CF3-68470A51C528}.Release|x86.Build.0 = Release|x86
		{38C9A5A1-FC5A-4070-9F15-6F6340555B2F}.Debug|x64.ActiveCfg = Debug|x64
		{38C9A5A1-FC5A-4070-9F15-6F6340555B2F}.Debug|x64.Build.0 = Debug|x64
		{38C9A5A1-FC5A-4070-9F15-6F6340555B2F}.Debug|x86.ActiveCfg = Debug|x86
		{38C9A5A1-FC5A-4070-9F15-6F6340555B2F}.Debug|x86.Build.0 = Debug|x86
		{38C9A5A1-FC5A-4070-9F15-6F6340555B2F}.Release|x64.ActiveCfg = Release|x64
		{38C9A5A1-FC5A-4070-9F15-6F6340555B2F}.Release|x64.Build.0 = Release|x64
		{38C9A5A1-FC5A-4070-9F15-6F6340555B2F}.Release|x86.ActiveCfg = Release|x86
		{38C9A5A1-FC5A-4070-9F15-6F6340555B2F}.Release|x86.Build.0 = Release|x86
		{2AE0ECC5-4F60-4A9F-BAF2-C2B59B21E063}.Debug|x64.ActiveCfg = Debug|x64
		{2AE0ECC5-4F60-4A9F-BAF2-C2B59B21E063}.Debug|x64.Build.0 = Debug|x64
		{2AE0ECC5-4F60-4A9F-BAF2-C2B59B21E063}.Debug|x86.ActiveCfg = Debug|x86
		{2AE0ECC5-4F60-4A9F-BAF2-C2B59B21E063}.Debug|x86.Build.0 = Debug|x86
		{2AE0ECC5-4F60-4A9F-BAF2-C2B59B21E063}.Release|x64.ActiveCfg = Release|x64
		{2AE0ECC5-4F60-4A9F-BAF2-C2B59B21E063}.Release|x64.Build.0 = Release|x64
		{2AE0ECC5-4F60-4A9F-BAF2-C2B59B21E063}.Release|x86.ActiveCfg = Release|x86
		{2AE0ECC5-4F60-4A9F-BAF2-C2B59B21E063}.Release|x86.Build.0 = Release|x86
		{D4EC4C33-0BE8-4E60-9A13-8E50137DE659}.Debug|x64.ActiveCfg = Debug|x64
		{D4EC4C33-0BE8-4E60-9A13-8E50137DE659}.Debug|x64.Build.0 = Debug|x64
		{D4EC4C33-0BE8-4E60-9A13-8E50137DE659}.Debug|x86.ActiveCfg = Debug|x86
		{D4EC4C33-0BE8-4E60-9A13-8E50137DE659}.Debug|x86.Build.0 = Debug|x86
		{D4EC4C33-0BE8-4E60-9A13-8E50137DE659}.Release|x64.ActiveCfg = Release|x64
		{D4EC4C33-0BE8-4E60-9A13-8E50137DE659}.Release|x64.Build.0 = Release|x64
		{D4EC4C33-0BE8-4E60-9A13-8E50137DE659}.Release|x86.ActiveCfg = Release|x86
		{D4EC4C33-0BE8-4E60-9A13-8E50137DE659}.Release|x86.Build.0 = Release|x86
	EndGlobalSection
	GlobalSection(SolutionProperties) = preSolution
		HideSolutionNode = FALSE
	EndGlobalSection
	GlobalSection(NestedProjects) = preSolution
		{244D645A-172A-4CB5-9E64-9C4BA68EF08C} = {1ABEE12F-A18C-4F32-A69C-E5EC20467116}
		{712E662C-419B-42F9-A5A3-0027D91FE88E} = {1ABEE12F-A18C-4F32-A69C-E5EC20467116}
		{2DEAF563-A41D-4034-B738-51855FBD47AE} = {1ABEE12F-A18C-4F32-A69C-E5EC20467116}
		{3DD79DFD-0F39-428C-84B3-3551937FE1F2} = {1ABEE12F-A18C-4F32-A69C-E5EC20467116}
		{38C9A5A1-FC5A-4070-9F15-6F6340555B2F} = {1ABEE12F-A18C-4F32-A69C-E5EC20467116}
		{2AE0ECC5-4F60-4A9F-BAF2-C2B59B21E063} = {1ABEE12F-A18C-4F32-A69C-E5EC20467116}
		{D4EC4C33-0BE8-4E60-9A13-8E50137DE659} = {1ABEE12F-A18C-4F32-A69C-E5EC20467116}
	EndGlobalSection
	GlobalSection(ExtensibilityGlobals) = postSolution
		SolutionGuid = {E9B47DD5-5D7F-44E8-8DDD-E8D9058D81D2}
	EndGlobalSection
EndGlobal
